
Microsoft Visual Studio Solution File, Format Version 11.00
# Visual Studio 2010
Project("{8BC9CEB8-8B4A-11D0-8D11-00A0C91BC942}") = "NetworkAdapter", "NetworkAdapter\NetworkAdapter.vcxproj", "{8F1255C4-212A-4F59-9C3F-6CB26A8D0F6F}"
EndProject
Global
	GlobalSection(SolutionConfigurationPlatforms) = preSolution
		Debug|Win32 = Debug|Win32
		Release|Win32 = Release|Win32
	EndGlobalSection
	GlobalSection(ProjectConfigurationPlatforms) = postSolution
		{8F1255C4-212A-4F59-9C3F-6CB26A8D0F6F}.Debug|Win32.ActiveCfg = Debug|Win32
		{8F1255C4-212A-4F59-9C3F-6CB26A8D0F6F}.Debug|Win32.Build.0 = Debug|Win32
		{8F1255C4-212A-4F59-9C3F-6CB26A8D0F6F}.Release|Win32.ActiveCfg = Release|Win32
		{8F1255C4-212A-4F59-9C3F-6CB26A8D0F6F}.Release|Win32.Build.0 = Release|Win32
	EndGlobalSection
	GlobalSection(SolutionProperties) = preSolution
		HideSolutionNode = FALSE
	EndGlobalSection
EndGlobal
